# THIS IS AN AUTOGENERATED FILE. DO NOT EDIT THIS FILE DIRECTLY.
# yarn lockfile v1


hjson@^3.2.2:
  version "3.2.2"
  resolved "https://registry.yarnpkg.com/hjson/-/hjson-3.2.2.tgz#a5a81138f4c0bb427e4b2ac917fafd4b454436cf"
  integrity sha512-MkUeB0cTIlppeSsndgESkfFD21T2nXPRaBStLtf3cAYA2bVEFdXlodZB0TukwZiobPD1Ksax5DK4RTZeaXCI3Q==
